// !$*UTF8*$!
{
	archiveVersion = 1;
	classes = {
	};
	objectVersion = 46;
	objects = {

/* Begin PBXBuildFile section */
		D1A33BEE1ADCC19700E0BF9E /* main.m in Sources */ = {isa = PBXBuildFile; fileRef = D1A33BED1ADCC19700E0BF9E /* main.m */; };
		D1A33BF11ADCC19700E0BF9E /* AppDelegate.m in Sources */ = {isa = PBXBuildFile; fileRef = D1A33BF01ADCC19700E0BF9E /* AppDelegate.m */; };
		D1A33BF41ADCC19700E0BF9E /* ViewController.m in Sources */ = {isa = PBXBuildFile; fileRef = D1A33BF31ADCC19700E0BF9E /* ViewController.m */; };
		D1A33BF71ADCC19700E0BF9E /* Main.storyboard in Resources */ = {isa = PBXBuildFile; fileRef = D1A33BF51ADCC19700E0BF9E /* Main.storyboard */; };
		D1A33BF91ADCC19700E0BF9E /* Images.xcassets in Resources */ = {isa = PBXBuildFile; fileRef = D1A33BF81ADCC19700E0BF9E /* Images.xcassets */; };
		D1A33BFC1ADCC19700E0BF9E /* LaunchScreen.xib in Resources */ = {isa = PBXBuildFile; fileRef = D1A33BFA1ADCC19700E0BF9E /* LaunchScreen.xib */; };
		D1A33C081ADCC19700E0BF9E /* InteractiveApplicationTests.m in Sources */ = {isa = PBXBuildFile; fileRef = D1A33C071ADCC19700E0BF9E /* InteractiveApplicationTests.m */; };
/* End PBXBuildFile section */

/* Begin PBXContainerItemProxy section */
		D1A33C021ADCC19700E0BF9E /* PBXContainerItemProxy */ = {
			isa = PBXContainerItemProxy;
			containerPortal = D1A33BE01ADCC19700E0BF9E /* Project object */;
			proxyType = 1;
			remoteGlobalIDString = D1A33BE71ADCC19700E0BF9E;
			remoteInfo = InteractiveApplication;
		};
/* End PBXContainerItemProxy section */

/* Begin PBXFileReference section */
		D1A33BE81ADCC19700E0BF9E /* InteractiveApplication.app */ = {isa = PBXFileReference; explicitFileType = wrapper.application; includeInIndex = 0; path = InteractiveApplication.app; sourceTree = BUILT_PRODUCTS_DIR; };
		D1A33BEC1ADCC19700E0BF9E /* Info.plist */ = {isa = PBXFileReference; lastKnownFileType = text.plist.xml; path = Info.plist; sourceTree = "<group>"; };
		D1A33BED1ADCC19700E0BF9E /* main.m */ = {isa = PBXFileReference; lastKnownFileType = sourcecode.c.objc; path = main.m; sourceTree = "<group>"; };
		D1A33BEF1ADCC19700E0BF9E /* AppDelegate.h */ = {isa = PBXFileReference; lastKnownFileType = sourcecode.c.h; path = AppDelegate.h; sourceTree = "<group>"; };
		D1A33BF01ADCC19700E0BF9E /* AppDelegate.m */ = {isa = PBXFileReference; lastKnownFileType = sourcecode.c.objc; path = AppDelegate.m; sourceTree = "<group>"; };
		D1A33BF21ADCC19700E0BF9E /* ViewController.h */ = {isa = PBXFileReference; lastKnownFileType = sourcecode.c.h; path = ViewController.h; sourceTree = "<group>"; };
		D1A33BF31ADCC19700E0BF9E /* ViewController.m */ = {isa = PBXFileReference; lastKnownFileType = sourcecode.c.objc; path = ViewController.m; sourceTree = "<group>"; };
		D1A33BF61ADCC19700E0BF9E /* Base */ = {isa = PBXFileReference; lastKnownFileType = file.storyboard; name = Base; path = Base.lproj/Main.storyboard; sourceTree = "<group>"; };
		D1A33BF81ADCC19700E0BF9E /* Images.xcassets */ = {isa = PBXFileReference; lastKnownFileType = folder.assetcatalog; path = Images.xcassets; sourceTree = "<group>"; };
		D1A33BFB1ADCC19700E0BF9E /* Base */ = {isa = PBXFileReference; lastKnownFileType = file.xib; name = Base; path = Base.lproj/LaunchScreen.xib; sourceTree = "<group>"; };
		D1A33C011ADCC19700E0BF9E /* InteractiveApplicationTests.xctest */ = {isa = PBXFileReference; explicitFileType = wrapper.cfbundle; includeInIndex = 0; path = InteractiveApplicationTests.xctest; sourceTree = BUILT_PRODUCTS_DIR; };
		D1A33C061ADCC19700E0BF9E /* Info.plist */ = {isa = PBXFileReference; lastKnownFileType = text.plist.xml; path = Info.plist; sourceTree = "<group>"; };
		D1A33C071ADCC19700E0BF9E /* InteractiveApplicationTests.m */ = {isa = PBXFileReference; lastKnownFileType = sourcecode.c.objc; path = InteractiveApplicationTests.m; sourceTree = "<group>"; };
/* End PBXFileReference section */

/* Begin PBXFrameworksBuildPhase section */
		D1A33BE51ADCC19700E0BF9E /* Frameworks */ = {
			isa = PBXFrameworksBuildPhase;
			buildActionMask = 2147483647;
			files = (
			);
			runOnlyForDeploymentPostprocessing = 0;
		};
		D1A33BFE1ADCC19700E0BF9E /* Frameworks */ = {
			isa = PBXFrameworksBuildPhase;
			buildActionMask = 2147483647;
			files = (
			);
			runOnlyForDeploymentPostprocessing = 0;
		};
/* End PBXFrameworksBuildPhase section */

/* Begin PBXGroup section */
		D1A33BDF1ADCC19700E0BF9E = {
			isa = PBXGroup;
			children = (
				D1A33BEA1ADCC19700E0BF9E /* InteractiveApplication */,
				D1A33C041ADCC19700E0BF9E /* InteractiveApplicationTests */,
				D1A33BE91ADCC19700E0BF9E /* Products */,
			);
			sourceTree = "<group>";
		};
		D1A33BE91ADCC19700E0BF9E /* Products */ = {
			isa = PBXGroup;
			children = (
				D1A33BE81ADCC19700E0BF9E /* InteractiveApplication.app */,
				D1A33C011ADCC19700E0BF9E /* InteractiveApplicationTests.xctest */,
			);
			name = Products;
			sourceTree = "<group>";
		};
		D1A33BEA1ADCC19700E0BF9E /* InteractiveApplication */ = {
			isa = PBXGroup;
			children = (
				D1A33BEF1ADCC19700E0BF9E /* AppDelegate.h */,
				D1A33BF01ADCC19700E0BF9E /* AppDelegate.m */,
				D1A33BF21ADCC19700E0BF9E /* ViewController.h */,
				D1A33BF31ADCC19700E0BF9E /* ViewController.m */,
				D1A33BF51ADCC19700E0BF9E /* Main.storyboard */,
				D1A33BF81ADCC19700E0BF9E /* Images.xcassets */,
				D1A33BFA1ADCC19700E0BF9E /* LaunchScreen.xib */,
				D1A33BEB1ADCC19700E0BF9E /* Supporting Files */,
			);
			path = InteractiveApplication;
			sourceTree = "<group>";
		};
		D1A33BEB1ADCC19700E0BF9E /* Supporting Files */ = {
			isa = PBXGroup;
			children = (
				D1A33BEC1ADCC19700E0BF9E /* Info.plist */,
				D1A33BED1ADCC19700E0BF9E /* main.m */,
			);
			name = "Supporting Files";
			sourceTree = "<group>";
		};
		D1A33C041ADCC19700E0BF9E /* InteractiveApplicationTests */ = {
			isa = PBXGroup;
			children = (
				D1A33C071ADCC19700E0BF9E /* InteractiveApplicationTests.m */,
				D1A33C051ADCC19700E0BF9E /* Supporting Files */,
			);
			path = InteractiveApplicationTests;
			sourceTree = "<group>";
		};
		D1A33C051ADCC19700E0BF9E /* Supporting Files */ = {
			isa = PBXGroup;
			children = (
				D1A33C061ADCC19700E0BF9E /* Info.plist */,
			);
			name = "Supporting Files";
			sourceTree = "<group>";
		};
/* End PBXGroup section */

/* Begin PBXNativeTarget section */
		D1A33BE71ADCC19700E0BF9E /* InteractiveApplication */ = {
			isa = PBXNativeTarget;
			buildConfigurationList = D1A33C0B1ADCC19700E0BF9E /* Build configuration list for PBXNativeTarget "InteractiveApplication" */;
			buildPhases = (
				D1A33BE41ADCC19700E0BF9E /* Sources */,
				D1A33BE51ADCC19700E0BF9E /* Frameworks */,
				D1A33BE61ADCC19700E0BF9E /* Resources */,
			);
			buildRules = (
			);
			dependencies = (
			);
			name = InteractiveApplication;
			productName = InteractiveApplication;
			productReference = D1A33BE81ADCC19700E0BF9E /* InteractiveApplication.app */;
			productType = "com.apple.product-type.application";
		};
		D1A33C001ADCC19700E0BF9E /* InteractiveApplicationTests */ = {
			isa = PBXNativeTarget;
			buildConfigurationList = D1A33C0E1ADCC19700E0BF9E /* Build configuration list for PBXNativeTarget "InteractiveApplicationTests" */;
			buildPhases = (
				D1A33BFD1ADCC19700E0BF9E /* Sources */,
				D1A33BFE1ADCC19700E0BF9E /* Frameworks */,
				D1A33BFF1ADCC19700E0BF9E /* Resources */,
			);
			buildRules = (
			);
			dependencies = (
				D1A33C031ADCC19700E0BF9E /* PBXTargetDependency */,
			);
			name = InteractiveApplicationTests;
			productName = InteractiveApplicationTests;
			productReference = D1A33C011ADCC19700E0BF9E /* InteractiveApplicationTests.xctest */;
			productType = "com.apple.product-type.bundle.unit-test";
		};
/* End PBXNativeTarget section */

/* Begin PBXProject section */
		D1A33BE01ADCC19700E0BF9E /* Project object */ = {
			isa = PBXProject;
			attributes = {
				LastUpgradeCheck = 0630;
				ORGANIZATIONNAME = TD;
				TargetAttributes = {
					D1A33BE71ADCC19700E0BF9E = {
						CreatedOnToolsVersion = 6.3;
					};
					D1A33C001ADCC19700E0BF9E = {
						CreatedOnToolsVersion = 6.3;
						TestTargetID = D1A33BE71ADCC19700E0BF9E;
					};
				};
			};
			buildConfigurationList = D1A33BE31ADCC19700E0BF9E /* Build configuration list for PBXProject "InteractiveApplication" */;
			compatibilityVersion = "Xcode 3.2";
			developmentRegion = English;
			hasScannedForEncodings = 0;
			knownRegions = (
				en,
				Base,
			);
			mainGroup = D1A33BDF1ADCC19700E0BF9E;
			productRefGroup = D1A33BE91ADCC19700E0BF9E /* Products */;
			projectDirPath = "";
			projectRoot = "";
			targets = (
				D1A33BE71ADCC19700E0BF9E /* InteractiveApplication */,
				D1A33C001ADCC19700E0BF9E /* InteractiveApplicationTests */,
			);
		};
/* End PBXProject section */

/* Begin PBXResourcesBuildPhase section */
		D1A33BE61ADCC19700E0BF9E /* Resources */ = {
			isa = PBXResourcesBuildPhase;
			buildActionMask = 2147483647;
			files = (
				D1A33BF71ADCC19700E0BF9E /* Main.storyboard in Resources */,
				D1A33BFC1ADCC19700E0BF9E /* LaunchScreen.xib in Resources */,
				D1A33BF91ADCC19700E0BF9E /* Images.xcassets in Resources */,
			);
			runOnlyForDeploymentPostprocessing = 0;
		};
		D1A33BFF1ADCC19700E0BF9E /* Resources */ = {
			isa = PBXResourcesBuildPhase;
			buildActionMask = 2147483647;
			files = (
			);
			runOnlyForDeploymentPostprocessing = 0;
		};
/* End PBXResourcesBuildPhase section */

/* Begin PBXSourcesBuildPhase section */
		D1A33BE41ADCC19700E0BF9E /* Sources */ = {
			isa = PBXSourcesBuildPhase;
			buildActionMask = 2147483647;
			files = (
				D1A33BF41ADCC19700E0BF9E /* ViewController.m in Sources */,
				D1A33BF11ADCC19700E0BF9E /* AppDelegate.m in Sources */,
				D1A33BEE1ADCC19700E0BF9E /* main.m in Sources */,
			);
			runOnlyForDeploymentPostprocessing = 0;
		};
		D1A33BFD1ADCC19700E0BF9E /* Sources */ = {
			isa = PBXSourcesBuildPhase;
			buildActionMask = 2147483647;
			files = (
				D1A33C081ADCC19700E0BF9E /* InteractiveApplicationTests.m in Sources */,
			);
			runOnlyForDeploymentPostprocessing = 0;
		};
/* End PBXSourcesBuildPhase section */

/* Begin PBXTargetDependency section */
		D1A33C031ADCC19700E0BF9E /* PBXTargetDependency */ = {
			isa = PBXTargetDependency;
			target = D1A33BE71ADCC19700E0BF9E /* InteractiveApplication */;
			targetProxy = D1A33C021ADCC19700E0BF9E /* PBXContainerItemProxy */;
		};
/* End PBXTargetDependency section */

/* Begin PBXVariantGroup section */
		D1A33BF51ADCC19700E0BF9E /* Main.storyboard */ = {
			isa = PBXVariantGroup;
			children = (
				D1A33BF61ADCC19700E0BF9E /* Base */,
			);
			name = Main.storyboard;
			sourceTree = "<group>";
		};
		D1A33BFA1ADCC19700E0BF9E /* LaunchScreen.xib */ = {
			isa = PBXVariantGroup;
			children = (
				D1A33BFB1ADCC19700E0BF9E /* Base */,
			);
			name = LaunchScreen.xib;
			sourceTree = "<group>";
		};
/* End PBXVariantGroup section */

/* Begin XCBuildConfiguration section */
		D1A33C091ADCC19700E0BF9E /* Debug */ = {
			isa = XCBuildConfiguration;
			buildSettings = {
				ALWAYS_SEARCH_USER_PATHS = NO;
				CLANG_CXX_LANGUAGE_STANDARD = "gnu++0x";
				CLANG_CXX_LIBRARY = "libc++";
				CLANG_ENABLE_MODULES = YES;
				CLANG_ENABLE_OBJC_ARC = YES;
				CLANG_WARN_BOOL_CONVERSION = YES;
				CLANG_WARN_CONSTANT_CONVERSION = YES;
				CLANG_WARN_DIRECT_OBJC_ISA_USAGE = YES_ERROR;
				CLANG_WARN_EMPTY_BODY = YES;
				CLANG_WARN_ENUM_CONVERSION = YES;
				CLANG_WARN_INT_CONVERSION = YES;
				CLANG_WARN_OBJC_ROOT_CLASS = YES_ERROR;
				CLANG_WARN_UNREACHABLE_CODE = YES;
				CLANG_WARN__DUPLICATE_METHOD_MATCH = YES;
				"CODE_SIGN_IDENTITY[sdk=iphoneos*]" = "iPhone Developer";
				COPY_PHASE_STRIP = NO;
				DEBUG_INFORMATION_FORMAT = "dwarf-with-dsym";
				ENABLE_STRICT_OBJC_MSGSEND = YES;
				GCC_C_LANGUAGE_STANDARD = gnu99;
				GCC_DYNAMIC_NO_PIC = NO;
				GCC_NO_COMMON_BLOCKS = YES;
				GCC_OPTIMIZATION_LEVEL = 0;
				GCC_PREPROCESSOR_DEFINITIONS = (
					"DEBUG=1",
					"$(inherited)",
				);
				GCC_SYMBOLS_PRIVATE_EXTERN = NO;
				GCC_WARN_64_TO_32_BIT_CONVERSION = YES;
				GCC_WARN_ABOUT_RETURN_TYPE = YES_ERROR;
				GCC_WARN_UNDECLARED_SELECTOR = YES;
				GCC_WARN_UNINITIALIZED_AUTOS = YES_AGGRESSIVE;
				GCC_WARN_UNUSED_FUNCTION = YES;
				GCC_WARN_UNUSED_VARIABLE = YES;
				IPHONEOS_DEPLOYMENT_TARGET = 8.3;
				MTL_ENABLE_DEBUG_INFO = YES;
				ONLY_ACTIVE_ARCH = YES;
				SDKROOT = iphoneos;
			};
			name = Debug;
		};
		D1A33C0A1ADCC19700E0BF9E /* Release */ = {
			isa = XCBuildConfiguration;
			buildSettings = {
				ALWAYS_SEARCH_USER_PATHS = NO;
				CLANG_CXX_LANGUAGE_STANDARD = "gnu++0x";
				CLANG_CXX_LIBRARY = "libc++";
				CLANG_ENABLE_MODULES = YES;
				CLANG_ENABLE_OBJC_ARC = YES;
				CLANG_WARN_BOOL_CONVERSION = YES;
				CLANG_WARN_CONSTANT_CONVERSION = YES;
				CLANG_WARN_DIRECT_OBJC_ISA_USAGE = YES_ERROR;
				CLANG_WARN_EMPTY_BODY = YES;
				CLANG_WARN_ENUM_CONVERSION = YES;
				CLANG_WARN_INT_CONVERSION = YES;
				CLANG_WARN_OBJC_ROOT_CLASS = YES_ERROR;
				CLANG_WARN_UNREACHABLE_CODE = YES;
				CLANG_WARN__DUPLICATE_METHOD_MATCH = YES;
				"CODE_SIGN_IDENTITY[sdk=iphoneos*]" = "iPhone Developer";
				COPY_PHASE_STRIP = NO;
				DEBUG_INFORMATION_FORMAT = "dwarf-with-dsym";
				ENABLE_NS_ASSERTIONS = NO;
				ENABLE_STRICT_OBJC_MSGSEND = YES;
				GCC_C_LANGUAGE_STANDARD = gnu99;
				GCC_NO_COMMON_BLOCKS = YES;
				GCC_WARN_64_TO_32_BIT_CONVERSION = YES;
				GCC_WARN_ABOUT_RETURN_TYPE = YES_ERROR;
				GCC_WARN_UNDECLARED_SELECTOR = YES;
				GCC_WARN_UNINITIALIZED_AUTOS = YES_AGGRESSIVE;
				GCC_WARN_UNUSED_FUNCTION = YES;
				GCC_WARN_UNUSED_VARIABLE = YES;
				IPHONEOS_DEPLOYMENT_TARGET = 8.3;
				MTL_ENABLE_DEBUG_INFO = NO;
				SDKROOT = iphoneos;
				VALIDATE_PRODUCT = YES;
			};
			name = Release;
		};
		D1A33C0C1ADCC19700E0BF9E /* Debug */ = {
			isa = XCBuildConfiguration;
			buildSettings = {
				ASSETCATALOG_COMPILER_APPICON_NAME = AppIcon;
				INFOPLIST_FILE = InteractiveApplication/Info.plist;
				LD_RUNPATH_SEARCH_PATHS = "$(inherited) @executable_path/Frameworks";
				PRODUCT_NAME = "$(TARGET_NAME)";
			};
			name = Debug;
		};
		D1A33C0D1ADCC19700E0BF9E /* Release */ = {
			isa = XCBuildConfiguration;
			buildSettings = {
				ASSETCATALOG_COMPILER_APPICON_NAME = AppIcon;
				INFOPLIST_FILE = InteractiveApplication/Info.plist;
				LD_RUNPATH_SEARCH_PATHS = "$(inherited) @executable_path/Frameworks";
				PRODUCT_NAME = "$(TARGET_NAME)";
			};
			name = Release;
		};
		D1A33C0F1ADCC19700E0BF9E /* Debug */ = {
			isa = XCBuildConfiguration;
			buildSettings = {
				BUNDLE_LOADER = "$(TEST_HOST)";
				FRAMEWORK_SEARCH_PATHS = (
					"$(SDKROOT)/Developer/Library/Frameworks",
					"$(inherited)",
				);
				GCC_PREPROCESSOR_DEFINITIONS = (
					"DEBUG=1",
					"$(inherited)",
				);
				INFOPLIST_FILE = InteractiveApplicationTests/Info.plist;
				LD_RUNPATH_SEARCH_PATHS = "$(inherited) @executable_path/Frameworks @loader_path/Frameworks";
				PRODUCT_NAME = "$(TARGET_NAME)";
				TEST_HOST = "$(BUILT_PRODUCTS_DIR)/InteractiveApplication.app/InteractiveApplication";
			};
			name = Debug;
		};
		D1A33C101ADCC19700E0BF9E /* Release */ = {
			isa = XCBuildConfiguration;
			buildSettings = {
				BUNDLE_LOADER = "$(TEST_HOST)";
				FRAMEWORK_SEARCH_PATHS = (
					"$(SDKROOT)/Developer/Library/Frameworks",
					"$(inherited)",
				);
				INFOPLIST_FILE = InteractiveApplicationTests/Info.plist;
				LD_RUNPATH_SEARCH_PATHS = "$(inherited) @executable_path/Frameworks @loader_path/Frameworks";
				PRODUCT_NAME = "$(TARGET_NAME)";
				TEST_HOST = "$(BUILT_PRODUCTS_DIR)/InteractiveApplication.app/InteractiveApplication";
			};
			name = Release;
		};
/* End XCBuildConfiguration section */

/* Begin XCConfigurationList section */
		D1A33BE31ADCC19700E0BF9E /* Build configuration list for PBXProject "InteractiveApplication" */ = {
			isa = XCConfigurationList;
			buildConfigurations = (
				D1A33C091ADCC19700E0BF9E /* Debug */,
				D1A33C0A1ADCC19700E0BF9E /* Release */,
			);
			defaultConfigurationIsVisible = 0;
			defaultConfigurationName = Release;
		};
		D1A33C0B1ADCC19700E0BF9E /* Build configuration list for PBXNativeTarget "InteractiveApplication" */ = {
			isa = XCConfigurationList;
			buildConfigurations = (
				D1A33C0C1ADCC19700E0BF9E /* Debug */,
				D1A33C0D1ADCC19700E0BF9E /* Release */,
			);
			defaultConfigurationIsVisible = 0;
		};
		D1A33C0E1ADCC19700E0BF9E /* Build configuration list for PBXNativeTarget "InteractiveApplicationTests" */ = {
			isa = XCConfigurationList;
			buildConfigurations = (
				D1A33C0F1ADCC19700E0BF9E /* Debug */,
				D1A33C101ADCC19700E0BF9E /* Release */,
			);
			defaultConfigurationIsVisible = 0;
		};
/* End XCConfigurationList section */
	};
	rootObject = D1A33BE01ADCC19700E0BF9E /* Project object */;
}
